
Microsoft Visual Studio Solution File, Format Version 12.00
# Visual Studio Version 16
VisualStudioVersion = 16.0.29025.244
MinimumVisualStudioVersion = 10.0.40219.1
Project("{9A19103F-16F7-4668-BE54-9A1E7A4F7556}") = "BankOfDotNet.API", "BankOfDotNet.API\BankOfDotNet.API.csproj", "{77DDC7F5-7539-4A7F-A4C5-1F1AF67F8F49}"
EndProject
Project("{9A19103F-16F7-4668-BE54-9A1E7A4F7556}") = "BankOfDotNet.Identity", "BankOfDotNet.Identity\BankOfDotNet.Identity.csproj", "{0C9F6671-667F-4AF1-9A9E-56997A2F2DC5}"
EndProject
Project("{9A19103F-16F7-4668-BE54-9A1E7A4F7556}") = "BankOfDotNet.ConsoleClient", "BankOfDotNet.ConsoleClient\BankOfDotNet.ConsoleClient.csproj", "{9C3E545A-D82A-4249-A100-8B10EA2DDCE9}"
EndProject
Project("{9A19103F-16F7-4668-BE54-9A1E7A4F7556}") = "BankOfDotNet.MvcClient", "BankOfDotNet.MvcClient\BankOfDotNet.MvcClient.csproj", "{31C047A7-8A21-4CE5-85D3-FB5D0C20CB56}"
EndProject
Project("{E53339B2-1760-4266-BCC7-CA923CBCF16C}") = "docker-compose", "docker-compose.dcproj", "{7EA441FF-D8CC-4CAC-91EA-15D444C36114}"
EndProject
Global
	GlobalSection(SolutionConfigurationPlatforms) = preSolution
		Debug|Any CPU = Debug|Any CPU
		Release|Any CPU = Release|Any CPU
	EndGlobalSection
	GlobalSection(ProjectConfigurationPlatforms) = postSolution
		{77DDC7F5-7539-4A7F-A4C5-1F1AF67F8F49}.Debug|Any CPU.ActiveCfg = Debug|Any CPU
		{77DDC7F5-7539-4A7F-A4C5-1F1AF67F8F49}.Debug|Any CPU.Build.0 = Debug|Any CPU
		{77DDC7F5-7539-4A7F-A4C5-1F1AF67F8F49}.Release|Any CPU.ActiveCfg = Release|Any CPU
		{77DDC7F5-7539-4A7F-A4C5-1F1AF67F8F49}.Release|Any CPU.Build.0 = Release|Any CPU
		{0C9F6671-667F-4AF1-9A9E-56997A2F2DC5}.Debug|Any CPU.ActiveCfg = Debug|Any CPU
		{0C9F6671-667F-4AF1-9A9E-56997A2F2DC5}.Debug|Any CPU.Build.0 = Debug|Any CPU
		{0C9F6671-667F-4AF1-9A9E-56997A2F2DC5}.Release|Any CPU.ActiveCfg = Release|Any CPU
		{0C9F6671-667F-4AF1-9A9E-56997A2F2DC5}.Release|Any CPU.Build.0 = Release|Any CPU
		{9C3E545A-D82A-4249-A100-8B10EA2DDCE9}.Debug|Any CPU.ActiveCfg = Debug|Any CPU
		{9C3E545A-D82A-4249-A100-8B10EA2DDCE9}.Debug|Any CPU.Build.0 = Debug|Any CPU
		{9C3E545A-D82A-4249-A100-8B10EA2DDCE9}.Release|Any CPU.ActiveCfg = Release|Any CPU
		{9C3E545A-D82A-4249-A100-8B10EA2DDCE9}.Release|Any CPU.Build.0 = Release|Any CPU
		{31C047A7-8A21-4CE5-85D3-FB5D0C20CB56}.Debug|Any CPU.ActiveCfg = Debug|Any CPU
		{31C047A7-8A21-4CE5-85D3-FB5D0C20CB56}.Debug|Any CPU.Build.0 = Debug|Any CPU
		{31C047A7-8A21-4CE5-85D3-FB5D0C20CB56}.Release|Any CPU.ActiveCfg = Release|Any CPU
		{31C047A7-8A21-4CE5-85D3-FB5D0C20CB56}.Release|Any CPU.Build.0 = Release|Any CPU
		{7EA441FF-D8CC-4CAC-91EA-15D444C36114}.Debug|Any CPU.ActiveCfg = Debug|Any CPU
		{7EA441FF-D8CC-4CAC-91EA-15D444C36114}.Debug|Any CPU.Build.0 = Debug|Any CPU
		{7EA441FF-D8CC-4CAC-91EA-15D444C36114}.Release|Any CPU.ActiveCfg = Release|Any CPU
		{7EA441FF-D8CC-4CAC-91EA-15D444C36114}.Release|Any CPU.Build.0 = Release|Any CPU
	EndGlobalSection
	GlobalSection(SolutionProperties) = preSolution
		HideSolutionNode = FALSE
	EndGlobalSection
	GlobalSection(ExtensibilityGlobals) = postSolution
		SolutionGuid = {84654076-949F-43DE-918B-C71934E03A8C}
	EndGlobalSection
EndGlobal
